Microsoft Visual Studio Solution File, Format Version 12.00
# Visual Studio Version 17
VisualStudioVersion = 17.5.2.0
MinimumVisualStudioVersion = 10.0.40219.1
Project("{FAE04EC0-301F-11D3-BF4B-00C04F79EFBC}") = "TP-manipulation-dates", "TP-manipulation-dates.csproj", "{A5EBF29F-65FB-6C73-B506-9CB0793D145F}"
EndProject
Global
	GlobalSection(SolutionConfigurationPlatforms) = preSolution
		Debug|Any CPU = Debug|Any CPU
		Release|Any CPU = Release|Any CPU
	EndGlobalSection
	GlobalSection(ProjectConfigurationPlatforms) = postSolution
		{A5EBF29F-65FB-6C73-B506-9CB0793D145F}.Debug|Any CPU.ActiveCfg = Debug|Any CPU
		{A5EBF29F-65FB-6C73-B506-9CB0793D145F}.Debug|Any CPU.Build.0 = Debug|Any CPU
		{A5EBF29F-65FB-6C73-B506-9CB0793D145F}.Release|Any CPU.ActiveCfg = Release|Any CPU
		{A5EBF29F-65FB-6C73-B506-9CB0793D145F}.Release|Any CPU.Build.0 = Release|Any CPU
	EndGlobalSection
	GlobalSection(SolutionProperties) = preSolution
		HideSolutionNode = FALSE
	EndGlobalSection
	GlobalSection(ExtensibilityGlobals) = postSolution
		SolutionGuid = {83897823-7178-4202-913D-C223283FE026}
	EndGlobalSection
EndGlobal
